// !$*UTF8*$!
{
	archiveVersion = 1;
	classes = {
	};
	objectVersion = 56;
	objects = {

/* Begin PBXBuildFile section */
		8D3031442A7C200300AD9033 /* AnimatedStickyProfileApp.swift in Sources */ = {isa = PBXBuildFile; fileRef = 8D3031432A7C200300AD9033 /* AnimatedStickyProfileApp.swift */; };
		8D3031462A7C200300AD9033 /* ContentView.swift in Sources */ = {isa = PBXBuildFile; fileRef = 8D3031452A7C200300AD9033 /* ContentView.swift */; };
		8D3031482A7C200600AD9033 /* Assets.xcassets in Resources */ = {isa = PBXBuildFile; fileRef = 8D3031472A7C200600AD9033 /* Assets.xcassets */; };
		8D30314B2A7C200600AD9033 /* Preview Assets.xcassets in Resources */ = {isa = PBXBuildFile; fileRef = 8D30314A2A7C200600AD9033 /* Preview Assets.xcassets */; };
		8D3031532A7C218300AD9033 /* UserProfileHome.swift in Sources */ = {isa = PBXBuildFile; fileRef = 8D3031522A7C218300AD9033 /* UserProfileHome.swift */; };
		8D3031562A7C250D00AD9033 /* User.swift in Sources */ = {isa = PBXBuildFile; fileRef = 8D3031552A7C250D00AD9033 /* User.swift */; };
		8D30315B2A7C278200AD9033 /* ScrollDetector.swift in Sources */ = {isa = PBXBuildFile; fileRef = 8D30315A2A7C278200AD9033 /* ScrollDetector.swift */; };
		8D30315F2A7C391900AD9033 /* HeaderView.swift in Sources */ = {isa = PBXBuildFile; fileRef = 8D30315E2A7C391900AD9033 /* HeaderView.swift */; };
		8D3031612A7C39FB00AD9033 /* SampleCardsView.swift in Sources */ = {isa = PBXBuildFile; fileRef = 8D3031602A7C39FB00AD9033 /* SampleCardsView.swift */; };
		8D3031642A7C3B0100AD9033 /* ViewModifiers.swift in Sources */ = {isa = PBXBuildFile; fileRef = 8D3031632A7C3B0100AD9033 /* ViewModifiers.swift */; };
		8D3031662A7C3DA000AD9033 /* TabBarView.swift in Sources */ = {isa = PBXBuildFile; fileRef = 8D3031652A7C3DA000AD9033 /* TabBarView.swift */; };
/* End PBXBuildFile section */

/* Begin PBXFileReference section */
		8D3031402A7C200300AD9033 /* AnimatedStickyProfile.app */ = {isa = PBXFileReference; explicitFileType = wrapper.application; includeInIndex = 0; path = AnimatedStickyProfile.app; sourceTree = BUILT_PRODUCTS_DIR; };
		8D3031432A7C200300AD9033 /* AnimatedStickyProfileApp.swift */ = {isa = PBXFileReference; lastKnownFileType = sourcecode.swift; path = AnimatedStickyProfileApp.swift; sourceTree = "<group>"; };
		8D3031452A7C200300AD9033 /* ContentView.swift */ = {isa = PBXFileReference; lastKnownFileType = sourcecode.swift; path = ContentView.swift; sourceTree = "<group>"; };
		8D3031472A7C200600AD9033 /* Assets.xcassets */ = {isa = PBXFileReference; lastKnownFileType = folder.assetcatalog; path = Assets.xcassets; sourceTree = "<group>"; };
		8D30314A2A7C200600AD9033 /* Preview Assets.xcassets */ = {isa = PBXFileReference; lastKnownFileType = folder.assetcatalog; path = "Preview Assets.xcassets"; sourceTree = "<group>"; };
		8D3031522A7C218300AD9033 /* UserProfileHome.swift */ = {isa = PBXFileReference; lastKnownFileType = sourcecode.swift; path = UserProfileHome.swift; sourceTree = "<group>"; };
		8D3031552A7C250D00AD9033 /* User.swift */ = {isa = PBXFileReference; lastKnownFileType = sourcecode.swift; path = User.swift; sourceTree = "<group>"; };
		8D30315A2A7C278200AD9033 /* ScrollDetector.swift */ = {isa = PBXFileReference; lastKnownFileType = sourcecode.swift; path = ScrollDetector.swift; sourceTree = "<group>"; };
		8D30315E2A7C391900AD9033 /* HeaderView.swift */ = {isa = PBXFileReference; lastKnownFileType = sourcecode.swift; path = HeaderView.swift; sourceTree = "<group>"; };
		8D3031602A7C39FB00AD9033 /* SampleCardsView.swift */ = {isa = PBXFileReference; lastKnownFileType = sourcecode.swift; path = SampleCardsView.swift; sourceTree = "<group>"; };
		8D3031632A7C3B0100AD9033 /* ViewModifiers.swift */ = {isa = PBXFileReference; lastKnownFileType = sourcecode.swift; path = ViewModifiers.swift; sourceTree = "<group>"; };
		8D3031652A7C3DA000AD9033 /* TabBarView.swift */ = {isa = PBXFileReference; lastKnownFileType = sourcecode.swift; path = TabBarView.swift; sourceTree = "<group>"; };
/* End PBXFileReference section */

/* Begin PBXFrameworksBuildPhase section */
		8D30313D2A7C200300AD9033 /* Frameworks */ = {
			isa = PBXFrameworksBuildPhase;
			buildActionMask = 2147483647;
			files = (
			);
			runOnlyForDeploymentPostprocessing = 0;
		};
/* End PBXFrameworksBuildPhase section */

/* Begin PBXGroup section */
		8D3031372A7C200300AD9033 = {
			isa = PBXGroup;
			children = (
				8D3031422A7C200300AD9033 /* AnimatedStickyProfile */,
				8D3031412A7C200300AD9033 /* Products */,
			);
			sourceTree = "<group>";
		};
		8D3031412A7C200300AD9033 /* Products */ = {
			isa = PBXGroup;
			children = (
				8D3031402A7C200300AD9033 /* AnimatedStickyProfile.app */,
			);
			name = Products;
			sourceTree = "<group>";
		};
		8D3031422A7C200300AD9033 /* AnimatedStickyProfile */ = {
			isa = PBXGroup;
			children = (
				8D3031572A7C274600AD9033 /* Utilities */,
				8D3031542A7C250300AD9033 /* Model */,
				8D3031512A7C217100AD9033 /* View */,
				8D3031432A7C200300AD9033 /* AnimatedStickyProfileApp.swift */,
				8D3031452A7C200300AD9033 /* ContentView.swift */,
				8D3031472A7C200600AD9033 /* Assets.xcassets */,
				8D3031492A7C200600AD9033 /* Preview Content */,
			);
			path = AnimatedStickyProfile;
			sourceTree = "<group>";
		};
		8D3031492A7C200600AD9033 /* Preview Content */ = {
			isa = PBXGroup;
			children = (
				8D30314A2A7C200600AD9033 /* Preview Assets.xcassets */,
			);
			path = "Preview Content";
			sourceTree = "<group>";
		};
		8D3031512A7C217100AD9033 /* View */ = {
			isa = PBXGroup;
			children = (
				8D3031522A7C218300AD9033 /* UserProfileHome.swift */,
				8D30315E2A7C391900AD9033 /* HeaderView.swift */,
				8D3031602A7C39FB00AD9033 /* SampleCardsView.swift */,
				8D3031652A7C3DA000AD9033 /* TabBarView.swift */,
			);
			path = View;
			sourceTree = "<group>";
		};
		8D3031542A7C250300AD9033 /* Model */ = {
			isa = PBXGroup;
			children = (
				8D3031552A7C250D00AD9033 /* User.swift */,
			);
			path = Model;
			sourceTree = "<group>";
		};
		8D3031572A7C274600AD9033 /* Utilities */ = {
			isa = PBXGroup;
			children = (
				8D30315A2A7C278200AD9033 /* ScrollDetector.swift */,
				8D3031632A7C3B0100AD9033 /* ViewModifiers.swift */,
			);
			path = Utilities;
			sourceTree = "<group>";
		};
/* End PBXGroup section */

/* Begin PBXNativeTarget section */
		8D30313F2A7C200300AD9033 /* AnimatedStickyProfile */ = {
			isa = PBXNativeTarget;
			buildConfigurationList = 8D30314E2A7C200600AD9033 /* Build configuration list for PBXNativeTarget "AnimatedStickyProfile" */;
			buildPhases = (
				8D30313C2A7C200300AD9033 /* Sources */,
				8D30313D2A7C200300AD9033 /* Frameworks */,
				8D30313E2A7C200300AD9033 /* Resources */,
			);
			buildRules = (
			);
			dependencies = (
			);
			name = AnimatedStickyProfile;
			productName = AnimatedStickyProfile;
			productReference = 8D3031402A7C200300AD9033 /* AnimatedStickyProfile.app */;
			productType = "com.apple.product-type.application";
		};
/* End PBXNativeTarget section */

/* Begin PBXProject section */
		8D3031382A7C200300AD9033 /* Project object */ = {
			isa = PBXProject;
			attributes = {
				BuildIndependentTargetsInParallel = 1;
				LastSwiftUpdateCheck = 1500;
				LastUpgradeCheck = 1500;
				TargetAttributes = {
					8D30313F2A7C200300AD9033 = {
						CreatedOnToolsVersion = 15.0;
					};
				};
			};
			buildConfigurationList = 8D30313B2A7C200300AD9033 /* Build configuration list for PBXProject "AnimatedStickyProfile" */;
			compatibilityVersion = "Xcode 14.0";
			developmentRegion = en;
			hasScannedForEncodings = 0;
			knownRegions = (
				en,
				Base,
			);
			mainGroup = 8D3031372A7C200300AD9033;
			productRefGroup = 8D3031412A7C200300AD9033 /* Products */;
			projectDirPath = "";
			projectRoot = "";
			targets = (
				8D30313F2A7C200300AD9033 /* AnimatedStickyProfile */,
			);
		};
/* End PBXProject section */

/* Begin PBXResourcesBuildPhase section */
		8D30313E2A7C200300AD9033 /* Resources */ = {
			isa = PBXResourcesBuildPhase;
			buildActionMask = 2147483647;
			files = (
				8D30314B2A7C200600AD9033 /* Preview Assets.xcassets in Resources */,
				8D3031482A7C200600AD9033 /* Assets.xcassets in Resources */,
			);
			runOnlyForDeploymentPostprocessing = 0;
		};
/* End PBXResourcesBuildPhase section */

/* Begin PBXSourcesBuildPhase section */
		8D30313C2A7C200300AD9033 /* Sources */ = {
			isa = PBXSourcesBuildPhase;
			buildActionMask = 2147483647;
			files = (
				8D3031562A7C250D00AD9033 /* User.swift in Sources */,
				8D3031662A7C3DA000AD9033 /* TabBarView.swift in Sources */,
				8D30315F2A7C391900AD9033 /* HeaderView.swift in Sources */,
				8D3031462A7C200300AD9033 /* ContentView.swift in Sources */,
				8D3031642A7C3B0100AD9033 /* ViewModifiers.swift in Sources */,
				8D30315B2A7C278200AD9033 /* ScrollDetector.swift in Sources */,
				8D3031612A7C39FB00AD9033 /* SampleCardsView.swift in Sources */,
				8D3031532A7C218300AD9033 /* UserProfileHome.swift in Sources */,
				8D3031442A7C200300AD9033 /* AnimatedStickyProfileApp.swift in Sources */,
			);
			runOnlyForDeploymentPostprocessing = 0;
		};
/* End PBXSourcesBuildPhase section */

/* Begin XCBuildConfiguration section */
		8D30314C2A7C200600AD9033 /* Debug */ = {
			isa = XCBuildConfiguration;
			buildSettings = {
				ALWAYS_SEARCH_USER_PATHS = NO;
				ASSETCATALOG_COMPILER_GENERATE_SWIFT_ASSET_SYMBOL_EXTENSIONS = YES;
				CLANG_ANALYZER_NONNULL = YES;
				CLANG_ANALYZER_NUMBER_OBJECT_CONVERSION = YES_AGGRESSIVE;
				CLANG_CXX_LANGUAGE_STANDARD = "gnu++20";
				CLANG_ENABLE_MODULES = YES;
				CLANG_ENABLE_OBJC_ARC = YES;
				CLANG_ENABLE_OBJC_WEAK = YES;
				CLANG_WARN_BLOCK_CAPTURE_AUTORELEASING = YES;
				CLANG_WARN_BOOL_CONVERSION = YES;
				CLANG_WARN_COMMA = YES;
				CLANG_WARN_CONSTANT_CONVERSION = YES;
				CLANG_WARN_DEPRECATED_OBJC_IMPLEMENTATIONS = YES;
				CLANG_WARN_DIRECT_OBJC_ISA_USAGE = YES_ERROR;
				CLANG_WARN_DOCUMENTATION_COMMENTS = YES;
				CLANG_WARN_EMPTY_BODY = YES;
				CLANG_WARN_ENUM_CONVERSION = YES;
				CLANG_WARN_INFINITE_RECURSION = YES;
				CLANG_WARN_INT_CONVERSION = YES;
				CLANG_WARN_NON_LITERAL_NULL_CONVERSION = YES;
				CLANG_WARN_OBJC_IMPLICIT_RETAIN_SELF = YES;
				CLANG_WARN_OBJC_LITERAL_CONVERSION = YES;
				CLANG_WARN_OBJC_ROOT_CLASS = YES_ERROR;
				CLANG_WARN_QUOTED_INCLUDE_IN_FRAMEWORK_HEADER = YES;
				CLANG_WARN_RANGE_LOOP_ANALYSIS = YES;
				CLANG_WARN_STRICT_PROTOTYPES = YES;
				CLANG_WARN_SUSPICIOUS_MOVE = YES;
				CLANG_WARN_UNGUARDED_AVAILABILITY = YES_AGGRESSIVE;
				CLANG_WARN_UNREACHABLE_CODE = YES;
				CLANG_WARN__DUPLICATE_METHOD_MATCH = YES;
				COPY_PHASE_STRIP = NO;
				DEBUG_INFORMATION_FORMAT = dwarf;
				ENABLE_STRICT_OBJC_MSGSEND = YES;
				ENABLE_TESTABILITY = YES;
				ENABLE_USER_SCRIPT_SANDBOXING = YES;
				GCC_C_LANGUAGE_STANDARD = gnu17;
				GCC_DYNAMIC_NO_PIC = NO;
				GCC_NO_COMMON_BLOCKS = YES;
				GCC_OPTIMIZATION_LEVEL = 0;
				GCC_PREPROCESSOR_DEFINITIONS = (
					"DEBUG=1",
					"$(inherited)",
				);
				GCC_WARN_64_TO_32_BIT_CONVERSION = YES;
				GCC_WARN_ABOUT_RETURN_TYPE = YES_ERROR;
				GCC_WARN_UNDECLARED_SELECTOR = YES;
				GCC_WARN_UNINITIALIZED_AUTOS = YES_AGGRESSIVE;
				GCC_WARN_UNUSED_FUNCTION = YES;
				GCC_WARN_UNUSED_VARIABLE = YES;
				IPHONEOS_DEPLOYMENT_TARGET = 17.0;
				LOCALIZATION_PREFERS_STRING_CATALOGS = YES;
				MTL_ENABLE_DEBUG_INFO = INCLUDE_SOURCE;
				MTL_FAST_MATH = YES;
				ONLY_ACTIVE_ARCH = YES;
				SDKROOT = iphoneos;
				SWIFT_ACTIVE_COMPILATION_CONDITIONS = "DEBUG $(inherited)";
				SWIFT_OPTIMIZATION_LEVEL = "-Onone";
			};
			name = Debug;
		};
		8D30314D2A7C200600AD9033 /* Release */ = {
			isa = XCBuildConfiguration;
			buildSettings = {
				ALWAYS_SEARCH_USER_PATHS = NO;
				ASSETCATALOG_COMPILER_GENERATE_SWIFT_ASSET_SYMBOL_EXTENSIONS = YES;
				CLANG_ANALYZER_NONNULL = YES;
				CLANG_ANALYZER_NUMBER_OBJECT_CONVERSION = YES_AGGRESSIVE;
				CLANG_CXX_LANGUAGE_STANDARD = "gnu++20";
				CLANG_ENABLE_MODULES = YES;
				CLANG_ENABLE_OBJC_ARC = YES;
				CLANG_ENABLE_OBJC_WEAK = YES;
				CLANG_WARN_BLOCK_CAPTURE_AUTORELEASING = YES;
				CLANG_WARN_BOOL_CONVERSION = YES;
				CLANG_WARN_COMMA = YES;
				CLANG_WARN_CONSTANT_CONVERSION = YES;
				CLANG_WARN_DEPRECATED_OBJC_IMPLEMENTATIONS = YES;
				CLANG_WARN_DIRECT_OBJC_ISA_USAGE = YES_ERROR;
				CLANG_WARN_DOCUMENTATION_COMMENTS = YES;
				CLANG_WARN_EMPTY_BODY = YES;
				CLANG_WARN_ENUM_CONVERSION = YES;
				CLANG_WARN_INFINITE_RECURSION = YES;
				CLANG_WARN_INT_CONVERSION = YES;
				CLANG_WARN_NON_LITERAL_NULL_CONVERSION = YES;
				CLANG_WARN_OBJC_IMPLICIT_RETAIN_SELF = YES;
				CLANG_WARN_OBJC_LITERAL_CONVERSION = YES;
				CLANG_WARN_OBJC_ROOT_CLASS = YES_ERROR;
				CLANG_WARN_QUOTED_INCLUDE_IN_FRAMEWORK_HEADER = YES;
				CLANG_WARN_RANGE_LOOP_ANALYSIS = YES;
				CLANG_WARN_STRICT_PROTOTYPES = YES;
				CLANG_WARN_SUSPICIOUS_MOVE = YES;
				CLANG_WARN_UNGUARDED_AVAILABILITY = YES_AGGRESSIVE;
				CLANG_WARN_UNREACHABLE_CODE = YES;
				CLANG_WARN__DUPLICATE_METHOD_MATCH = YES;
				COPY_PHASE_STRIP = NO;
				DEBUG_INFORMATION_FORMAT = "dwarf-with-dsym";
				ENABLE_NS_ASSERTIONS = NO;
				ENABLE_STRICT_OBJC_MSGSEND = YES;
				ENABLE_USER_SCRIPT_SANDBOXING = YES;
				GCC_C_LANGUAGE_STANDARD = gnu17;
				GCC_NO_COMMON_BLOCKS = YES;
				GCC_WARN_64_TO_32_BIT_CONVERSION = YES;
				GCC_WARN_ABOUT_RETURN_TYPE = YES_ERROR;
				GCC_WARN_UNDECLARED_SELECTOR = YES;
				GCC_WARN_UNINITIALIZED_AUTOS = YES_AGGRESSIVE;
				GCC_WARN_UNUSED_FUNCTION = YES;
				GCC_WARN_UNUSED_VARIABLE = YES;
				IPHONEOS_DEPLOYMENT_TARGET = 17.0;
				LOCALIZATION_PREFERS_STRING_CATALOGS = YES;
				MTL_ENABLE_DEBUG_INFO = NO;
				MTL_FAST_MATH = YES;
				SDKROOT = iphoneos;
				SWIFT_COMPILATION_MODE = wholemodule;
				VALIDATE_PRODUCT = YES;
			};
			name = Release;
		};
		8D30314F2A7C200600AD9033 /* Debug */ = {
			isa = XCBuildConfiguration;
			buildSettings = {
				ASSETCATALOG_COMPILER_APPICON_NAME = AppIcon;
				ASSETCATALOG_COMPILER_GLOBAL_ACCENT_COLOR_NAME = AccentColor;
				CODE_SIGN_STYLE = Automatic;
				CURRENT_PROJECT_VERSION = 1;
				DEVELOPMENT_ASSET_PATHS = "\"AnimatedStickyProfile/Preview Content\"";
				DEVELOPMENT_TEAM = C9UL6Y3N22;
				ENABLE_PREVIEWS = YES;
				GENERATE_INFOPLIST_FILE = YES;
				INFOPLIST_KEY_UIApplicationSceneManifest_Generation = YES;
				INFOPLIST_KEY_UIApplicationSupportsIndirectInputEvents = YES;
				INFOPLIST_KEY_UILaunchScreen_Generation = YES;
				INFOPLIST_KEY_UISupportedInterfaceOrientations_iPad = "UIInterfaceOrientationPortrait UIInterfaceOrientationPortraitUpsideDown UIInterfaceOrientationLandscapeLeft UIInterfaceOrientationLandscapeRight";
				INFOPLIST_KEY_UISupportedInterfaceOrientations_iPhone = "UIInterfaceOrientationPortrait UIInterfaceOrientationLandscapeLeft UIInterfaceOrientationLandscapeRight";
				LD_RUNPATH_SEARCH_PATHS = (
					"$(inherited)",
					"@executable_path/Frameworks",
				);
				MARKETING_VERSION = 1.0;
				PRODUCT_BUNDLE_IDENTIFIER = com.cecilia.chen.AnimatedStickyProfile;
				PRODUCT_NAME = "$(TARGET_NAME)";
				SWIFT_EMIT_LOC_STRINGS = YES;
				SWIFT_VERSION = 5.0;
				TARGETED_DEVICE_FAMILY = "1,2";
			};
			name = Debug;
		};
		8D3031502A7C200600AD9033 /* Release */ = {
			isa = XCBuildConfiguration;
			buildSettings = {
				ASSETCATALOG_COMPILER_APPICON_NAME = AppIcon;
				ASSETCATALOG_COMPILER_GLOBAL_ACCENT_COLOR_NAME = AccentColor;
				CODE_SIGN_STYLE = Automatic;
				CURRENT_PROJECT_VERSION = 1;
				DEVELOPMENT_ASSET_PATHS = "\"AnimatedStickyProfile/Preview Content\"";
				DEVELOPMENT_TEAM = C9UL6Y3N22;
				ENABLE_PREVIEWS = YES;
				GENERATE_INFOPLIST_FILE = YES;
				INFOPLIST_KEY_UIApplicationSceneManifest_Generation = YES;
				INFOPLIST_KEY_UIApplicationSupportsIndirectInputEvents = YES;
				INFOPLIST_KEY_UILaunchScreen_Generation = YES;
				INFOPLIST_KEY_UISupportedInterfaceOrientations_iPad = "UIInterfaceOrientationPortrait UIInterfaceOrientationPortraitUpsideDown UIInterfaceOrientationLandscapeLeft UIInterfaceOrientationLandscapeRight";
				INFOPLIST_KEY_UISupportedInterfaceOrientations_iPhone = "UIInterfaceOrientationPortrait UIInterfaceOrientationLandscapeLeft UIInterfaceOrientationLandscapeRight";
				LD_RUNPATH_SEARCH_PATHS = (
					"$(inherited)",
					"@executable_path/Frameworks",
				);
				MARKETING_VERSION = 1.0;
				PRODUCT_BUNDLE_IDENTIFIER = com.cecilia.chen.AnimatedStickyProfile;
				PRODUCT_NAME = "$(TARGET_NAME)";
				SWIFT_EMIT_LOC_STRINGS = YES;
				SWIFT_VERSION = 5.0;
				TARGETED_DEVICE_FAMILY = "1,2";
			};
			name = Release;
		};
/* End XCBuildConfiguration section */

/* Begin XCConfigurationList section */
		8D30313B2A7C200300AD9033 /* Build configuration list for PBXProject "AnimatedStickyProfile" */ = {
			isa = XCConfigurationList;
			buildConfigurations = (
				8D30314C2A7C200600AD9033 /* Debug */,
				8D30314D2A7C200600AD9033 /* Release */,
			);
			defaultConfigurationIsVisible = 0;
			defaultConfigurationName = Release;
		};
		8D30314E2A7C200600AD9033 /* Build configuration list for PBXNativeTarget "AnimatedStickyProfile" */ = {
			isa = XCConfigurationList;
			buildConfigurations = (
				8D30314F2A7C200600AD9033 /* Debug */,
				8D3031502A7C200600AD9033 /* Release */,
			);
			defaultConfigurationIsVisible = 0;
			defaultConfigurationName = Release;
		};
/* End XCConfigurationList section */
	};
	rootObject = 8D3031382A7C200300AD9033 /* Project object */;
}
